
Microsoft Visual Studio Solution File, Format Version 12.00
# Visual Studio Version 17
VisualStudioVersion = 17.7.34009.444
MinimumVisualStudioVersion = 10.0.40219.1
Project("{FAE04EC0-301F-11D3-BF4B-00C04F79EFBC}") = "ReadingFromNotePad", "ReadingFromNotePad\ReadingFromNotePad.csproj", "{B6BC5A89-392D-46BC-AA07-6740E7B15EA3}"
EndProject
Global
	GlobalSection(SolutionConfigurationPlatforms) = preSolution
		Debug|Any CPU = Debug|Any CPU
		Release|Any CPU = Release|Any CPU
	EndGlobalSection
	GlobalSection(ProjectConfigurationPlatforms) = postSolution
		{B6BC5A89-392D-46BC-AA07-6740E7B15EA3}.Debug|Any CPU.ActiveCfg = Debug|Any CPU
		{B6BC5A89-392D-46BC-AA07-6740E7B15EA3}.Debug|Any CPU.Build.0 = Debug|Any CPU
		{B6BC5A89-392D-46BC-AA07-6740E7B15EA3}.Release|Any CPU.ActiveCfg = Release|Any CPU
		{B6BC5A89-392D-46BC-AA07-6740E7B15EA3}.Release|Any CPU.Build.0 = Release|Any CPU
	EndGlobalSection
	GlobalSection(SolutionProperties) = preSolution
		HideSolutionNode = FALSE
	EndGlobalSection
	GlobalSection(ExtensibilityGlobals) = postSolution
		SolutionGuid = {B0E27D12-DF18-4B70-AFF3-D280013DDA3C}
	EndGlobalSection
EndGlobal
